{
  "originHash" : "17f8e87a62295024cbfa8d913aa961bbfca898a40a289365b205df24844edb75",
  "pins" : [
    {
      "identity" : "swift-log",
      "kind" : "remoteSourceControl",
      "location" : "https://github.com/apple/swift-log.git",
      "state" : {
        "revision" : "2aed77ae5ec9a86d8fe42c12275e4c2653a286ee",
        "version" : "1.13.1"
      }
    },
    {
      "identity" : "swift-system",
      "kind" : "remoteSourceControl",
      "location" : "https://github.com/apple/swift-system.git",
      "state" : {
        "revision" : "7c6ad0fc39d0763e0b699210e4124afd5041c5df",
        "version" : "1.6.4"
      }
    }
  ],
  "version" : 3
}
